
Microsoft Visual Studio Solution File, Format Version 12.00
# Visual Studio 15
VisualStudioVersion = 15.0.28307.438
MinimumVisualStudioVersion = 10.0.40219.1
Project("{9A19103F-16F7-4668-BE54-9A1E7A4F7556}") = "DotNetECommerce.Web", "DotNetECommerce.Web\DotNetECommerce.Web.csproj", "{2AAA5410-C4D5-4439-9025-6C06536EFA45}"
EndProject
Project("{9A19103F-16F7-4668-BE54-9A1E7A4F7556}") = "DotNetECommerce.Domain", "DotNetECommerce.Domain\DotNetECommerce.Domain.csproj", "{450D450E-A18A-4AF5-B67F-647FB0FD99E4}"
EndProject
Project("{9A19103F-16F7-4668-BE54-9A1E7A4F7556}") = "DotNetECommerce.Infrastructure", "DotNetECommerce.Infrastructure\DotNetECommerce.Infrastructure.csproj", "{7D0AEF34-18F8-4158-B768-CDB93685D07F}"
EndProject
Project("{9A19103F-16F7-4668-BE54-9A1E7A4F7556}") = "DotNetECommerce.Application", "DotNetECommerce.Application\DotNetECommerce.Application.csproj", "{97C1D8D3-A8FA-42CD-AC5E-FA8C430E30D5}"
EndProject
Project("{FAE04EC0-301F-11D3-BF4B-00C04F79EFBC}") = "DotNetECommerce.Application.Test", "DotNetECommerce.Application.Test\DotNetECommerce.Application.Test.csproj", "{72B0D4A6-5A81-4C33-A6F5-697F20CBC512}"
EndProject
Global
	GlobalSection(SolutionConfigurationPlatforms) = preSolution
		Debug|Any CPU = Debug|Any CPU
		Release|Any CPU = Release|Any CPU
	EndGlobalSection
	GlobalSection(ProjectConfigurationPlatforms) = postSolution
		{2AAA5410-C4D5-4439-9025-6C06536EFA45}.Debug|Any CPU.ActiveCfg = Debug|Any CPU
		{2AAA5410-C4D5-4439-9025-6C06536EFA45}.Debug|Any CPU.Build.0 = Debug|Any CPU
		{2AAA5410-C4D5-4439-9025-6C06536EFA45}.Release|Any CPU.ActiveCfg = Release|Any CPU
		{2AAA5410-C4D5-4439-9025-6C06536EFA45}.Release|Any CPU.Build.0 = Release|Any CPU
		{450D450E-A18A-4AF5-B67F-647FB0FD99E4}.Debug|Any CPU.ActiveCfg = Debug|Any CPU
		{450D450E-A18A-4AF5-B67F-647FB0FD99E4}.Debug|Any CPU.Build.0 = Debug|Any CPU
		{450D450E-A18A-4AF5-B67F-647FB0FD99E4}.Release|Any CPU.ActiveCfg = Release|Any CPU
		{450D450E-A18A-4AF5-B67F-647FB0FD99E4}.Release|Any CPU.Build.0 = Release|Any CPU
		{7D0AEF34-18F8-4158-B768-CDB93685D07F}.Debug|Any CPU.ActiveCfg = Debug|Any CPU
		{7D0AEF34-18F8-4158-B768-CDB93685D07F}.Debug|Any CPU.Build.0 = Debug|Any CPU
		{7D0AEF34-18F8-4158-B768-CDB93685D07F}.Release|Any CPU.ActiveCfg = Release|Any CPU
		{7D0AEF34-18F8-4158-B768-CDB93685D07F}.Release|Any CPU.Build.0 = Release|Any CPU
		{97C1D8D3-A8FA-42CD-AC5E-FA8C430E30D5}.Debug|Any CPU.ActiveCfg = Debug|Any CPU
		{97C1D8D3-A8FA-42CD-AC5E-FA8C430E30D5}.Debug|Any CPU.Build.0 = Debug|Any CPU
		{97C1D8D3-A8FA-42CD-AC5E-FA8C430E30D5}.Release|Any CPU.ActiveCfg = Release|Any CPU
		{97C1D8D3-A8FA-42CD-AC5E-FA8C430E30D5}.Release|Any CPU.Build.0 = Release|Any CPU
		{72B0D4A6-5A81-4C33-A6F5-697F20CBC512}.Debug|Any CPU.ActiveCfg = Debug|Any CPU
		{72B0D4A6-5A81-4C33-A6F5-697F20CBC512}.Debug|Any CPU.Build.0 = Debug|Any CPU
		{72B0D4A6-5A81-4C33-A6F5-697F20CBC512}.Release|Any CPU.ActiveCfg = Release|Any CPU
		{72B0D4A6-5A81-4C33-A6F5-697F20CBC512}.Release|Any CPU.Build.0 = Release|Any CPU
	EndGlobalSection
	GlobalSection(SolutionProperties) = preSolution
		HideSolutionNode = FALSE
	EndGlobalSection
	GlobalSection(ExtensibilityGlobals) = postSolution
		SolutionGuid = {0F09ADDD-AE6E-4DFE-97D4-54C131CDBBA5}
	EndGlobalSection
EndGlobal
